
Microsoft Visual Studio Solution File, Format Version 12.00
# Visual Studio 14
VisualStudioVersion = 14.0.25420.1
MinimumVisualStudioVersion = 10.0.40219.1
Project("{FAE04EC0-301F-11D3-BF4B-00C04F79EFBC}") = "MCPE_Packet_Library", "MCPE_Packet_Library\MCPE_Packet_Library.csproj", "{B7EC6E12-1402-4B30-ABEB-5D6F8FB532C9}"
EndProject
Project("{FAE04EC0-301F-11D3-BF4B-00C04F79EFBC}") = "MCPEPK_Analytics_Framework", "MCPEPK_Analytics_Framework\MCPEPK_Analytics_Framework.csproj", "{5ADA044B-87D0-41A1-B296-040163CEC4BA}"
EndProject
Project("{FAE04EC0-301F-11D3-BF4B-00C04F79EFBC}") = "MCPE_Utils_Library", "MCPE_Utils_Library\MCPE_Utils_Library.csproj", "{83C1F29E-730D-423B-B967-78569A6C3778}"
EndProject
Project("{FAE04EC0-301F-11D3-BF4B-00C04F79EFBC}") = "PAF_Core", "PAF_Core\PAF_Core.csproj", "{1F97DF3A-A74F-427E-8143-3FD774E26DA8}"
EndProject
Project("{FAE04EC0-301F-11D3-BF4B-00C04F79EFBC}") = "TestModule1", "TestModule1\TestModule1.csproj", "{88DE5EB8-1EAD-4AE3-9CA9-6FF2A6F1A7BE}"
EndProject
Global
	GlobalSection(SolutionConfigurationPlatforms) = preSolution
		Debug|Any CPU = Debug|Any CPU
		Release|Any CPU = Release|Any CPU
	EndGlobalSection
	GlobalSection(ProjectConfigurationPlatforms) = postSolution
		{B7EC6E12-1402-4B30-ABEB-5D6F8FB532C9}.Debug|Any CPU.ActiveCfg = Debug|Any CPU
		{B7EC6E12-1402-4B30-ABEB-5D6F8FB532C9}.Debug|Any CPU.Build.0 = Debug|Any CPU
		{B7EC6E12-1402-4B30-ABEB-5D6F8FB532C9}.Release|Any CPU.ActiveCfg = Release|Any CPU
		{B7EC6E12-1402-4B30-ABEB-5D6F8FB532C9}.Release|Any CPU.Build.0 = Release|Any CPU
		{5ADA044B-87D0-41A1-B296-040163CEC4BA}.Debug|Any CPU.ActiveCfg = Debug|Any CPU
		{5ADA044B-87D0-41A1-B296-040163CEC4BA}.Debug|Any CPU.Build.0 = Debug|Any CPU
		{5ADA044B-87D0-41A1-B296-040163CEC4BA}.Release|Any CPU.ActiveCfg = Release|Any CPU
		{5ADA044B-87D0-41A1-B296-040163CEC4BA}.Release|Any CPU.Build.0 = Release|Any CPU
		{83C1F29E-730D-423B-B967-78569A6C3778}.Debug|Any CPU.ActiveCfg = Debug|Any CPU
		{83C1F29E-730D-423B-B967-78569A6C3778}.Debug|Any CPU.Build.0 = Debug|Any CPU
		{83C1F29E-730D-423B-B967-78569A6C3778}.Release|Any CPU.ActiveCfg = Release|Any CPU
		{83C1F29E-730D-423B-B967-78569A6C3778}.Release|Any CPU.Build.0 = Release|Any CPU
		{1F97DF3A-A74F-427E-8143-3FD774E26DA8}.Debug|Any CPU.ActiveCfg = Debug|Any CPU
		{1F97DF3A-A74F-427E-8143-3FD774E26DA8}.Debug|Any CPU.Build.0 = Debug|Any CPU
		{1F97DF3A-A74F-427E-8143-3FD774E26DA8}.Release|Any CPU.ActiveCfg = Release|Any CPU
		{1F97DF3A-A74F-427E-8143-3FD774E26DA8}.Release|Any CPU.Build.0 = Release|Any CPU
		{88DE5EB8-1EAD-4AE3-9CA9-6FF2A6F1A7BE}.Debug|Any CPU.ActiveCfg = Debug|Any CPU
		{88DE5EB8-1EAD-4AE3-9CA9-6FF2A6F1A7BE}.Debug|Any CPU.Build.0 = Debug|Any CPU
		{88DE5EB8-1EAD-4AE3-9CA9-6FF2A6F1A7BE}.Release|Any CPU.ActiveCfg = Release|Any CPU
		{88DE5EB8-1EAD-4AE3-9CA9-6FF2A6F1A7BE}.Release|Any CPU.Build.0 = Release|Any CPU
	EndGlobalSection
	GlobalSection(SolutionProperties) = preSolution
		HideSolutionNode = FALSE
	EndGlobalSection
EndGlobal
